
Microsoft Visual Studio Solution File, Format Version 12.00
# Visual Studio Version 17
VisualStudioVersion = 17.2.32519.379
MinimumVisualStudioVersion = 10.0.40219.1
Project("{9A19103F-16F7-4668-BE54-9A1E7A4F7556}") = "GenerateDataFromDataaset", "GenerateDataFromDataaset\GenerateDataFromDataaset.csproj", "{F22C6EC4-5695-4AD4-95A4-67D2DE0921AE}"
EndProject
Project("{FAE04EC0-301F-11D3-BF4B-00C04F79EFBC}") = "SpeechEmotionRecognition.API", "SpeechEmotionRecognition.API\SpeechEmotionRecognition.API.csproj", "{E49EF15A-7AC6-499C-B46C-27632DAA7C80}"
EndProject
Project("{FAE04EC0-301F-11D3-BF4B-00C04F79EFBC}") = "SpeechEmotionRecognition.Model", "SpeechEmotionRecognition.Model\SpeechEmotionRecognition.Model.csproj", "{DDDB819F-11D1-4CD6-A573-D5A360E6A0DE}"
EndProject
Project("{FAE04EC0-301F-11D3-BF4B-00C04F79EFBC}") = "SpeechEmotionRecognition.AI", "SpeechEmotionRecognition.AI\SpeechEmotionRecognition.AI.csproj", "{59130F27-767C-48D4-B950-7A20E15507AF}"
EndProject
Global
	GlobalSection(SolutionConfigurationPlatforms) = preSolution
		Debug|Any CPU = Debug|Any CPU
		Release|Any CPU = Release|Any CPU
	EndGlobalSection
	GlobalSection(ProjectConfigurationPlatforms) = postSolution
		{F22C6EC4-5695-4AD4-95A4-67D2DE0921AE}.Debug|Any CPU.ActiveCfg = Debug|Any CPU
		{F22C6EC4-5695-4AD4-95A4-67D2DE0921AE}.Debug|Any CPU.Build.0 = Debug|Any CPU
		{F22C6EC4-5695-4AD4-95A4-67D2DE0921AE}.Release|Any CPU.ActiveCfg = Release|Any CPU
		{F22C6EC4-5695-4AD4-95A4-67D2DE0921AE}.Release|Any CPU.Build.0 = Release|Any CPU
		{E49EF15A-7AC6-499C-B46C-27632DAA7C80}.Debug|Any CPU.ActiveCfg = Debug|Any CPU
		{E49EF15A-7AC6-499C-B46C-27632DAA7C80}.Debug|Any CPU.Build.0 = Debug|Any CPU
		{E49EF15A-7AC6-499C-B46C-27632DAA7C80}.Release|Any CPU.ActiveCfg = Release|Any CPU
		{E49EF15A-7AC6-499C-B46C-27632DAA7C80}.Release|Any CPU.Build.0 = Release|Any CPU
		{DDDB819F-11D1-4CD6-A573-D5A360E6A0DE}.Debug|Any CPU.ActiveCfg = Debug|Any CPU
		{DDDB819F-11D1-4CD6-A573-D5A360E6A0DE}.Debug|Any CPU.Build.0 = Debug|Any CPU
		{DDDB819F-11D1-4CD6-A573-D5A360E6A0DE}.Release|Any CPU.ActiveCfg = Release|Any CPU
		{DDDB819F-11D1-4CD6-A573-D5A360E6A0DE}.Release|Any CPU.Build.0 = Release|Any CPU
		{59130F27-767C-48D4-B950-7A20E15507AF}.Debug|Any CPU.ActiveCfg = Debug|Any CPU
		{59130F27-767C-48D4-B950-7A20E15507AF}.Debug|Any CPU.Build.0 = Debug|Any CPU
		{59130F27-767C-48D4-B950-7A20E15507AF}.Release|Any CPU.ActiveCfg = Release|Any CPU
		{59130F27-767C-48D4-B950-7A20E15507AF}.Release|Any CPU.Build.0 = Release|Any CPU
	EndGlobalSection
	GlobalSection(SolutionProperties) = preSolution
		HideSolutionNode = FALSE
	EndGlobalSection
	GlobalSection(ExtensibilityGlobals) = postSolution
		SolutionGuid = {0D636901-3C2C-494B-9D9C-9B32F337EEDE}
	EndGlobalSection
EndGlobal
